
Microsoft Visual Studio Solution File, Format Version 12.00
# Visual Studio 14
VisualStudioVersion = 14.0.23107.0
MinimumVisualStudioVersion = 10.0.40219.1
Project("{FAE04EC0-301F-11D3-BF4B-00C04F79EFBC}") = "ArduinoWindowsRemoteControl", "ArduinoWindowsRemoteControl\ArduinoWindowsRemoteControl.csproj", "{97EBCDFB-FE83-4C21-B7FD-E188EF63CA36}"
EndProject
Project("{FAE04EC0-301F-11D3-BF4B-00C04F79EFBC}") = "UnitTests", "UnitTests\UnitTests.csproj", "{B7177BF0-B404-4F17-9ACB-890341D1DEDA}"
EndProject
Project("{FAE04EC0-301F-11D3-BF4B-00C04F79EFBC}") = "Core", "Core\Core.csproj", "{524FFE67-56FB-4513-A199-D410998597DF}"
EndProject
Project("{FAE04EC0-301F-11D3-BF4B-00C04F79EFBC}") = "Helpers", "Helpers\Helpers.csproj", "{8F84D0C3-F7E7-4882-9F5F-C4BC9DC3ED0B}"
EndProject
Project("{FAE04EC0-301F-11D3-BF4B-00C04F79EFBC}") = "Arduino", "Arduino\Arduino.csproj", "{5A1B739E-6800-42E9-BD59-17E10BF9469E}"
EndProject
Project("{FAE04EC0-301F-11D3-BF4B-00C04F79EFBC}") = "DAL", "DAL\DAL.csproj", "{CB21B355-B605-495F-B58F-A7D32A7EE1D7}"
EndProject
Project("{FAE04EC0-301F-11D3-BF4B-00C04F79EFBC}") = "RemoteInputTuner", "RemoteInputTuner\RemoteInputTuner.csproj", "{C98488F7-3A2B-48FF-A27D-AC73AD621F2E}"
EndProject
Project("{FAE04EC0-301F-11D3-BF4B-00C04F79EFBC}") = "Services", "Services\Services.csproj", "{E025E1C5-546E-4821-BCD4-843568B98BCC}"
EndProject
Global
	GlobalSection(SolutionConfigurationPlatforms) = preSolution
		Debug|Any CPU = Debug|Any CPU
		Release|Any CPU = Release|Any CPU
	EndGlobalSection
	GlobalSection(ProjectConfigurationPlatforms) = postSolution
		{97EBCDFB-FE83-4C21-B7FD-E188EF63CA36}.Debug|Any CPU.ActiveCfg = Debug|Any CPU
		{97EBCDFB-FE83-4C21-B7FD-E188EF63CA36}.Debug|Any CPU.Build.0 = Debug|Any CPU
		{97EBCDFB-FE83-4C21-B7FD-E188EF63CA36}.Release|Any CPU.ActiveCfg = Release|Any CPU
		{97EBCDFB-FE83-4C21-B7FD-E188EF63CA36}.Release|Any CPU.Build.0 = Release|Any CPU
		{B7177BF0-B404-4F17-9ACB-890341D1DEDA}.Debug|Any CPU.ActiveCfg = Debug|Any CPU
		{B7177BF0-B404-4F17-9ACB-890341D1DEDA}.Debug|Any CPU.Build.0 = Debug|Any CPU
		{B7177BF0-B404-4F17-9ACB-890341D1DEDA}.Release|Any CPU.ActiveCfg = Release|Any CPU
		{B7177BF0-B404-4F17-9ACB-890341D1DEDA}.Release|Any CPU.Build.0 = Release|Any CPU
		{524FFE67-56FB-4513-A199-D410998597DF}.Debug|Any CPU.ActiveCfg = Debug|Any CPU
		{524FFE67-56FB-4513-A199-D410998597DF}.Debug|Any CPU.Build.0 = Debug|Any CPU
		{524FFE67-56FB-4513-A199-D410998597DF}.Release|Any CPU.ActiveCfg = Release|Any CPU
		{524FFE67-56FB-4513-A199-D410998597DF}.Release|Any CPU.Build.0 = Release|Any CPU
		{8F84D0C3-F7E7-4882-9F5F-C4BC9DC3ED0B}.Debug|Any CPU.ActiveCfg = Debug|Any CPU
		{8F84D0C3-F7E7-4882-9F5F-C4BC9DC3ED0B}.Debug|Any CPU.Build.0 = Debug|Any CPU
		{8F84D0C3-F7E7-4882-9F5F-C4BC9DC3ED0B}.Release|Any CPU.ActiveCfg = Release|Any CPU
		{8F84D0C3-F7E7-4882-9F5F-C4BC9DC3ED0B}.Release|Any CPU.Build.0 = Release|Any CPU
		{5A1B739E-6800-42E9-BD59-17E10BF9469E}.Debug|Any CPU.ActiveCfg = Debug|Any CPU
		{5A1B739E-6800-42E9-BD59-17E10BF9469E}.Debug|Any CPU.Build.0 = Debug|Any CPU
		{5A1B739E-6800-42E9-BD59-17E10BF9469E}.Release|Any CPU.ActiveCfg = Release|Any CPU
		{5A1B739E-6800-42E9-BD59-17E10BF9469E}.Release|Any CPU.Build.0 = Release|Any CPU
		{CB21B355-B605-495F-B58F-A7D32A7EE1D7}.Debug|Any CPU.ActiveCfg = Debug|Any CPU
		{CB21B355-B605-495F-B58F-A7D32A7EE1D7}.Debug|Any CPU.Build.0 = Debug|Any CPU
		{CB21B355-B605-495F-B58F-A7D32A7EE1D7}.Release|Any CPU.ActiveCfg = Release|Any CPU
		{CB21B355-B605-495F-B58F-A7D32A7EE1D7}.Release|Any CPU.Build.0 = Release|Any CPU
		{C98488F7-3A2B-48FF-A27D-AC73AD621F2E}.Debug|Any CPU.ActiveCfg = Debug|Any CPU
		{C98488F7-3A2B-48FF-A27D-AC73AD621F2E}.Debug|Any CPU.Build.0 = Debug|Any CPU
		{C98488F7-3A2B-48FF-A27D-AC73AD621F2E}.Release|Any CPU.ActiveCfg = Release|Any CPU
		{C98488F7-3A2B-48FF-A27D-AC73AD621F2E}.Release|Any CPU.Build.0 = Release|Any CPU
		{E025E1C5-546E-4821-BCD4-843568B98BCC}.Debug|Any CPU.ActiveCfg = Debug|Any CPU
		{E025E1C5-546E-4821-BCD4-843568B98BCC}.Debug|Any CPU.Build.0 = Debug|Any CPU
		{E025E1C5-546E-4821-BCD4-843568B98BCC}.Release|Any CPU.ActiveCfg = Release|Any CPU
		{E025E1C5-546E-4821-BCD4-843568B98BCC}.Release|Any CPU.Build.0 = Release|Any CPU
	EndGlobalSection
	GlobalSection(SolutionProperties) = preSolution
		HideSolutionNode = FALSE
	EndGlobalSection
EndGlobal
